
Microsoft Visual Studio Solution File, Format Version 12.00
# Visual Studio Version 16
VisualStudioVersion = 16.0.32126.315
MinimumVisualStudioVersion = 10.0.40219.1
Project("{FAE04EC0-301F-11D3-BF4B-00C04F79EFBC}") = "lab2_json", "lab2_json\lab2_json.csproj", "{4B9D1429-716A-4C7C-9057-1B5CC98117CA}"
EndProject
Global
	GlobalSection(SolutionConfigurationPlatforms) = preSolution
		Debug|Any CPU = Debug|Any CPU
		Release|Any CPU = Release|Any CPU
	EndGlobalSection
	GlobalSection(ProjectConfigurationPlatforms) = postSolution
		{4B9D1429-716A-4C7C-9057-1B5CC98117CA}.Debug|Any CPU.ActiveCfg = Debug|Any CPU
		{4B9D1429-716A-4C7C-9057-1B5CC98117CA}.Debug|Any CPU.Build.0 = Debug|Any CPU
		{4B9D1429-716A-4C7C-9057-1B5CC98117CA}.Release|Any CPU.ActiveCfg = Release|Any CPU
		{4B9D1429-716A-4C7C-9057-1B5CC98117CA}.Release|Any CPU.Build.0 = Release|Any CPU
	EndGlobalSection
	GlobalSection(SolutionProperties) = preSolution
		HideSolutionNode = FALSE
	EndGlobalSection
	GlobalSection(ExtensibilityGlobals) = postSolution
		SolutionGuid = {E231F5B2-0C84-4965-865D-1D6E5E07825B}
	EndGlobalSection
EndGlobal
